
Microsoft Visual Studio Solution File, Format Version 12.00
# Visual Studio 14
VisualStudioVersion = 14.0.24720.0
MinimumVisualStudioVersion = 10.0.40219.1
Project("{FAE04EC0-301F-11D3-BF4B-00C04F79EFBC}") = "MessagingService", "MessagingService\MessagingService.csproj", "{9E4D2807-6625-4040-89BD-A05AC4E44465}"
EndProject
Project("{E24C65DC-7377-472B-9ABA-BC803B73C61A}") = "MsgApp(1)", "MsgApp\", "{F5E6D2A6-5375-4717-A6EC-133E9591313F}"
	ProjectSection(WebsiteProperties) = preProject
		TargetFrameworkMoniker = ".NETFramework,Version%3Dv4.5.2"
		Debug.AspNetCompiler.VirtualPath = "/localhost_61638"
		Debug.AspNetCompiler.PhysicalPath = "MsgApp\"
		Debug.AspNetCompiler.TargetPath = "PrecompiledWeb\localhost_61638\"
		Debug.AspNetCompiler.Updateable = "true"
		Debug.AspNetCompiler.ForceOverwrite = "true"
		Debug.AspNetCompiler.FixedNames = "false"
		Debug.AspNetCompiler.Debug = "True"
		Release.AspNetCompiler.VirtualPath = "/localhost_61638"
		Release.AspNetCompiler.PhysicalPath = "MsgApp\"
		Release.AspNetCompiler.TargetPath = "PrecompiledWeb\localhost_61638\"
		Release.AspNetCompiler.Updateable = "true"
		Release.AspNetCompiler.ForceOverwrite = "true"
		Release.AspNetCompiler.FixedNames = "false"
		Release.AspNetCompiler.Debug = "False"
		VWDPort = "61638"
	EndProjectSection
	ProjectSection(ProjectDependencies) = postProject
		{9E4D2807-6625-4040-89BD-A05AC4E44465} = {9E4D2807-6625-4040-89BD-A05AC4E44465}
	EndProjectSection
EndProject
Global
	GlobalSection(SolutionConfigurationPlatforms) = preSolution
		Debug|Any CPU = Debug|Any CPU
		Release|Any CPU = Release|Any CPU
	EndGlobalSection
	GlobalSection(ProjectConfigurationPlatforms) = postSolution
		{9E4D2807-6625-4040-89BD-A05AC4E44465}.Debug|Any CPU.ActiveCfg = Debug|Any CPU
		{9E4D2807-6625-4040-89BD-A05AC4E44465}.Debug|Any CPU.Build.0 = Debug|Any CPU
		{9E4D2807-6625-4040-89BD-A05AC4E44465}.Release|Any CPU.ActiveCfg = Release|Any CPU
		{9E4D2807-6625-4040-89BD-A05AC4E44465}.Release|Any CPU.Build.0 = Release|Any CPU
		{F5E6D2A6-5375-4717-A6EC-133E9591313F}.Debug|Any CPU.ActiveCfg = Debug|Any CPU
		{F5E6D2A6-5375-4717-A6EC-133E9591313F}.Debug|Any CPU.Build.0 = Debug|Any CPU
		{F5E6D2A6-5375-4717-A6EC-133E9591313F}.Release|Any CPU.ActiveCfg = Debug|Any CPU
		{F5E6D2A6-5375-4717-A6EC-133E9591313F}.Release|Any CPU.Build.0 = Debug|Any CPU
	EndGlobalSection
	GlobalSection(SolutionProperties) = preSolution
		HideSolutionNode = FALSE
	EndGlobalSection
EndGlobal
